
Microsoft Visual Studio Solution File, Format Version 12.00
# Visual Studio 14
VisualStudioVersion = 14.0.23107.0
MinimumVisualStudioVersion = 10.0.40219.1
Project("{FAE04EC0-301F-11D3-BF4B-00C04F79EFBC}") = "PasswordManagerV3", "PasswordManagerV3\PasswordManagerV3.csproj", "{F3EA6D9F-E565-4EA7-9D62-73B0180D517F}"
EndProject
Global
	GlobalSection(SolutionConfigurationPlatforms) = preSolution
		Debug|Any CPU = Debug|Any CPU
		Release|Any CPU = Release|Any CPU
	EndGlobalSection
	GlobalSection(ProjectConfigurationPlatforms) = postSolution
		{F3EA6D9F-E565-4EA7-9D62-73B0180D517F}.Debug|Any CPU.ActiveCfg = Debug|Any CPU
		{F3EA6D9F-E565-4EA7-9D62-73B0180D517F}.Debug|Any CPU.Build.0 = Debug|Any CPU
		{F3EA6D9F-E565-4EA7-9D62-73B0180D517F}.Release|Any CPU.ActiveCfg = Release|Any CPU
		{F3EA6D9F-E565-4EA7-9D62-73B0180D517F}.Release|Any CPU.Build.0 = Release|Any CPU
	EndGlobalSection
	GlobalSection(SolutionProperties) = preSolution
		HideSolutionNode = FALSE
	EndGlobalSection
EndGlobal
